
Microsoft Visual Studio Solution File, Format Version 12.00
# Visual Studio 15
VisualStudioVersion = 15.0.28307.421
MinimumVisualStudioVersion = 10.0.40219.1
Project("{9A19103F-16F7-4668-BE54-9A1E7A4F7556}") = "NorthwindWeb", "NorthwindWeb\NorthwindWeb.csproj", "{9D2FCE77-40CA-4BE4-9530-95921866ACCE}"
EndProject
Project("{9A19103F-16F7-4668-BE54-9A1E7A4F7556}") = "NorthwindEntitiesLib", "NorthwindEntitiesLib\NorthwindEntitiesLib.csproj", "{FD45172A-C860-472C-9F24-F2BE712390D7}"
EndProject
Project("{9A19103F-16F7-4668-BE54-9A1E7A4F7556}") = "NorthwindContextLib", "NorthwindContextLib\NorthwindContextLib.csproj", "{1F4BB98F-1378-44B0-9E79-6694C6E9C12F}"
EndProject
Project("{9A19103F-16F7-4668-BE54-9A1E7A4F7556}") = "NorthwindService", "NorthwindService\NorthwindService.csproj", "{9A30C958-83A4-4663-B622-92665092A3E5}"
EndProject
Project("{9A19103F-16F7-4668-BE54-9A1E7A4F7556}") = "NorthwindMvc", "NorthwindMvc\NorthwindMvc.csproj", "{0CC6E050-19D9-4B7F-849A-2FDCFF7E0959}"
EndProject
Project("{FAE04EC0-301F-11D3-BF4B-00C04F79EFBC}") = "FluentUwpApp", "FluentUwpApp\FluentUwpApp.csproj", "{765B04D0-5114-499C-8700-B437A43EB390}"
EndProject
Project("{FAE04EC0-301F-11D3-BF4B-00C04F79EFBC}") = "NorthwindFluent", "NorthwindFluent\NorthwindFluent.csproj", "{CE13720A-A42D-41B5-8F1F-56AA1448DBCD}"
EndProject
Project("{FAE04EC0-301F-11D3-BF4B-00C04F79EFBC}") = "NorthwindUwp", "NorthwindUwp\NorthwindUwp.csproj", "{47A9E7E8-DFB6-43FB-99A6-4CA4BFB97ECA}"
EndProject
Project("{9A19103F-16F7-4668-BE54-9A1E7A4F7556}") = "NorthwindUwp.Core", "NorthwindUwp.Core\NorthwindUwp.Core.csproj", "{179B6A7A-9B0C-4811-857D-DAD9472B510D}"
EndProject
Project("{9A19103F-16F7-4668-BE54-9A1E7A4F7556}") = "ExploreAngular", "ExploreAngular\ExploreAngular.csproj", "{A461DBAA-1911-4777-8E63-428A381B3948}"
EndProject
Global
	GlobalSection(SolutionConfigurationPlatforms) = preSolution
		Debug|Any CPU = Debug|Any CPU
		Debug|ARM = Debug|ARM
		Debug|ARM64 = Debug|ARM64
		Debug|x64 = Debug|x64
		Debug|x86 = Debug|x86
		Release|Any CPU = Release|Any CPU
		Release|ARM = Release|ARM
		Release|ARM64 = Release|ARM64
		Release|x64 = Release|x64
		Release|x86 = Release|x86
	EndGlobalSection
	GlobalSection(ProjectConfigurationPlatforms) = postSolution
		{9D2FCE77-40CA-4BE4-9530-95921866ACCE}.Debug|Any CPU.ActiveCfg = Debug|Any CPU
		{9D2FCE77-40CA-4BE4-9530-95921866ACCE}.Debug|Any CPU.Build.0 = Debug|Any CPU
		{9D2FCE77-40CA-4BE4-9530-95921866ACCE}.Debug|ARM.ActiveCfg = Debug|Any CPU
		{9D2FCE77-40CA-4BE4-9530-95921866ACCE}.Debug|ARM.Build.0 = Debug|Any CPU
		{9D2FCE77-40CA-4BE4-9530-95921866ACCE}.Debug|ARM64.ActiveCfg = Debug|Any CPU
		{9D2FCE77-40CA-4BE4-9530-95921866ACCE}.Debug|ARM64.Build.0 = Debug|Any CPU
		{9D2FCE77-40CA-4BE4-9530-95921866ACCE}.Debug|x64.ActiveCfg = Debug|Any CPU
		{9D2FCE77-40CA-4BE4-9530-95921866ACCE}.Debug|x64.Build.0 = Debug|Any CPU
		{9D2FCE77-40CA-4BE4-9530-95921866ACCE}.Debug|x86.ActiveCfg = Debug|Any CPU
		{9D2FCE77-40CA-4BE4-9530-95921866ACCE}.Debug|x86.Build.0 = Debug|Any CPU
		{9D2FCE77-40CA-4BE4-9530-95921866ACCE}.Release|Any CPU.ActiveCfg = Release|Any CPU
		{9D2FCE77-40CA-4BE4-9530-95921866ACCE}.Release|Any CPU.Build.0 = Release|Any CPU
		{9D2FCE77-40CA-4BE4-9530-95921866ACCE}.Release|ARM.ActiveCfg = Release|Any CPU
		{9D2FCE77-40CA-4BE4-9530-95921866ACCE}.Release|ARM.Build.0 = Release|Any CPU
		{9D2FCE77-40CA-4BE4-9530-95921866ACCE}.Release|ARM64.ActiveCfg = Release|Any CPU
		{9D2FCE77-40CA-4BE4-9530-95921866ACCE}.Release|ARM64.Build.0 = Release|Any CPU
		{9D2FCE77-40CA-4BE4-9530-95921866ACCE}.Release|x64.ActiveCfg = Release|Any CPU
		{9D2FCE77-40CA-4BE4-9530-95921866ACCE}.Release|x64.Build.0 = Release|Any CPU
		{9D2FCE77-40CA-4BE4-9530-95921866ACCE}.Release|x86.ActiveCfg = Release|Any CPU
		{9D2FCE77-40CA-4BE4-9530-95921866ACCE}.Release|x86.Build.0 = Release|Any CPU
		{FD45172A-C860-472C-9F24-F2BE712390D7}.Debug|Any CPU.ActiveCfg = Debug|Any CPU
		{FD45172A-C860-472C-9F24-F2BE712390D7}.Debug|Any CPU.Build.0 = Debug|Any CPU
		{FD45172A-C860-472C-9F24-F2BE712390D7}.Debug|ARM.ActiveCfg = Debug|Any CPU
		{FD45172A-C860-472C-9F24-F2BE712390D7}.Debug|ARM.Build.0 = Debug|Any CPU
		{FD45172A-C860-472C-9F24-F2BE712390D7}.Debug|ARM64.ActiveCfg = Debug|Any CPU
		{FD45172A-C860-472C-9F24-F2BE712390D7}.Debug|ARM64.Build.0 = Debug|Any CPU
		{FD45172A-C860-472C-9F24-F2BE712390D7}.Debug|x64.ActiveCfg = Debug|Any CPU
		{FD45172A-C860-472C-9F24-F2BE712390D7}.Debug|x64.Build.0 = Debug|Any CPU
		{FD45172A-C860-472C-9F24-F2BE712390D7}.Debug|x86.ActiveCfg = Debug|Any CPU
		{FD45172A-C860-472C-9F24-F2BE712390D7}.Debug|x86.Build.0 = Debug|Any CPU
		{FD45172A-C860-472C-9F24-F2BE712390D7}.Release|Any CPU.ActiveCfg = Release|Any CPU
		{FD45172A-C860-472C-9F24-F2BE712390D7}.Release|Any CPU.Build.0 = Release|Any CPU
		{FD45172A-C860-472C-9F24-F2BE712390D7}.Release|ARM.ActiveCfg = Release|Any CPU
		{FD45172A-C860-472C-9F24-F2BE712390D7}.Release|ARM.Build.0 = Release|Any CPU
		{FD45172A-C860-472C-9F24-F2BE712390D7}.Release|ARM64.ActiveCfg = Release|Any CPU
		{FD45172A-C860-472C-9F24-F2BE712390D7}.Release|ARM64.Build.0 = Release|Any CPU
		{FD45172A-C860-472C-9F24-F2BE712390D7}.Release|x64.ActiveCfg = Release|Any CPU
		{FD45172A-C860-472C-9F24-F2BE712390D7}.Release|x64.Build.0 = Release|Any CPU
		{FD45172A-C860-472C-9F24-F2BE712390D7}.Release|x86.ActiveCfg = Release|Any CPU
		{FD45172A-C860-472C-9F24-F2BE712390D7}.Release|x86.Build.0 = Release|Any CPU
		{1F4BB98F-1378-44B0-9E79-6694C6E9C12F}.Debug|Any CPU.ActiveCfg = Debug|Any CPU
		{1F4BB98F-1378-44B0-9E79-6694C6E9C12F}.Debug|Any CPU.Build.0 = Debug|Any CPU
		{1F4BB98F-1378-44B0-9E79-6694C6E9C12F}.Debug|ARM.ActiveCfg = Debug|Any CPU
		{1F4BB98F-1378-44B0-9E79-6694C6E9C12F}.Debug|ARM.Build.0 = Debug|Any CPU
		{1F4BB98F-1378-44B0-9E79-6694C6E9C12F}.Debug|ARM64.ActiveCfg = Debug|Any CPU
		{1F4BB98F-1378-44B0-9E79-6694C6E9C12F}.Debug|ARM64.Build.0 = Debug|Any CPU
		{1F4BB98F-1378-44B0-9E79-6694C6E9C12F}.Debug|x64.ActiveCfg = Debug|Any CPU
		{1F4BB98F-1378-44B0-9E79-6694C6E9C12F}.Debug|x64.Build.0 = Debug|Any CPU
		{1F4BB98F-1378-44B0-9E79-6694C6E9C12F}.Debug|x86.ActiveCfg = Debug|Any CPU
		{1F4BB98F-1378-44B0-9E79-6694C6E9C12F}.Debug|x86.Build.0 = Debug|Any CPU
		{1F4BB98F-1378-44B0-9E79-6694C6E9C12F}.Release|Any CPU.ActiveCfg = Release|Any CPU
		{1F4BB98F-1378-44B0-9E79-6694C6E9C12F}.Release|Any CPU.Build.0 = Release|Any CPU
		{1F4BB98F-1378-44B0-9E79-6694C6E9C12F}.Release|ARM.ActiveCfg = Release|Any CPU
		{1F4BB98F-1378-44B0-9E79-6694C6E9C12F}.Release|ARM.Build.0 = Release|Any CPU
		{1F4BB98F-1378-44B0-9E79-6694C6E9C12F}.Release|ARM64.ActiveCfg = Release|Any CPU
		{1F4BB98F-1378-44B0-9E79-6694C6E9C12F}.Release|ARM64.Build.0 = Release|Any CPU
		{1F4BB98F-1378-44B0-9E79-6694C6E9C12F}.Release|x64.ActiveCfg = Release|Any CPU
		{1F4BB98F-1378-44B0-9E79-6694C6E9C12F}.Release|x64.Build.0 = Release|Any CPU
		{1F4BB98F-1378-44B0-9E79-6694C6E9C12F}.Release|x86.ActiveCfg = Release|Any CPU
		{1F4BB98F-1378-44B0-9E79-6694C6E9C12F}.Release|x86.Build.0 = Release|Any CPU
		{9A30C958-83A4-4663-B622-92665092A3E5}.Debug|Any CPU.ActiveCfg = Debug|Any CPU
		{9A30C958-83A4-4663-B622-92665092A3E5}.Debug|Any CPU.Build.0 = Debug|Any CPU
		{9A30C958-83A4-4663-B622-92665092A3E5}.Debug|ARM.ActiveCfg = Debug|Any CPU
		{9A30C958-83A4-4663-B622-92665092A3E5}.Debug|ARM.Build.0 = Debug|Any CPU
		{9A30C958-83A4-4663-B622-92665092A3E5}.Debug|ARM64.ActiveCfg = Debug|Any CPU
		{9A30C958-83A4-4663-B622-92665092A3E5}.Debug|ARM64.Build.0 = Debug|Any CPU
		{9A30C958-83A4-4663-B622-92665092A3E5}.Debug|x64.ActiveCfg = Debug|Any CPU
		{9A30C958-83A4-4663-B622-92665092A3E5}.Debug|x64.Build.0 = Debug|Any CPU
		{9A30C958-83A4-4663-B622-92665092A3E5}.Debug|x86.ActiveCfg = Debug|Any CPU
		{9A30C958-83A4-4663-B622-92665092A3E5}.Debug|x86.Build.0 = Debug|Any CPU
		{9A30C958-83A4-4663-B622-92665092A3E5}.Release|Any CPU.ActiveCfg = Release|Any CPU
		{9A30C958-83A4-4663-B622-92665092A3E5}.Release|Any CPU.Build.0 = Release|Any CPU
		{9A30C958-83A4-4663-B622-92665092A3E5}.Release|ARM.ActiveCfg = Release|Any CPU
		{9A30C958-83A4-4663-B622-92665092A3E5}.Release|ARM.Build.0 = Release|Any CPU
		{9A30C958-83A4-4663-B622-92665092A3E5}.Release|ARM64.ActiveCfg = Release|Any CPU
		{9A30C958-83A4-4663-B622-92665092A3E5}.Release|ARM64.Build.0 = Release|Any CPU
		{9A30C958-83A4-4663-B622-92665092A3E5}.Release|x64.ActiveCfg = Release|Any CPU
		{9A30C958-83A4-4663-B622-92665092A3E5}.Release|x64.Build.0 = Release|Any CPU
		{9A30C958-83A4-4663-B622-92665092A3E5}.Release|x86.ActiveCfg = Release|Any CPU
		{9A30C958-83A4-4663-B622-92665092A3E5}.Release|x86.Build.0 = Release|Any CPU
		{0CC6E050-19D9-4B7F-849A-2FDCFF7E0959}.Debug|Any CPU.ActiveCfg = Debug|Any CPU
		{0CC6E050-19D9-4B7F-849A-2FDCFF7E0959}.Debug|Any CPU.Build.0 = Debug|Any CPU
		{0CC6E050-19D9-4B7F-849A-2FDCFF7E0959}.Debug|ARM.ActiveCfg = Debug|Any CPU
		{0CC6E050-19D9-4B7F-849A-2FDCFF7E0959}.Debug|ARM.Build.0 = Debug|Any CPU
		{0CC6E050-19D9-4B7F-849A-2FDCFF7E0959}.Debug|ARM64.ActiveCfg = Debug|Any CPU
		{0CC6E050-19D9-4B7F-849A-2FDCFF7E0959}.Debug|ARM64.Build.0 = Debug|Any CPU
		{0CC6E050-19D9-4B7F-849A-2FDCFF7E0959}.Debug|x64.ActiveCfg = Debug|Any CPU
		{0CC6E050-19D9-4B7F-849A-2FDCFF7E0959}.Debug|x64.Build.0 = Debug|Any CPU
		{0CC6E050-19D9-4B7F-849A-2FDCFF7E0959}.Debug|x86.ActiveCfg = Debug|Any CPU
		{0CC6E050-19D9-4B7F-849A-2FDCFF7E0959}.Debug|x86.Build.0 = Debug|Any CPU
		{0CC6E050-19D9-4B7F-849A-2FDCFF7E0959}.Release|Any CPU.ActiveCfg = Release|Any CPU
		{0CC6E050-19D9-4B7F-849A-2FDCFF7E0959}.Release|Any CPU.Build.0 = Release|Any CPU
		{0CC6E050-19D9-4B7F-849A-2FDCFF7E0959}.Release|ARM.ActiveCfg = Release|Any CPU
		{0CC6E050-19D9-4B7F-849A-2FDCFF7E0959}.Release|ARM.Build.0 = Release|Any CPU
		{0CC6E050-19D9-4B7F-849A-2FDCFF7E0959}.Release|ARM64.ActiveCfg = Release|Any CPU
		{0CC6E050-19D9-4B7F-849A-2FDCFF7E0959}.Release|ARM64.Build.0 = Release|Any CPU
		{0CC6E050-19D9-4B7F-849A-2FDCFF7E0959}.Release|x64.ActiveCfg = Release|Any CPU
		{0CC6E050-19D9-4B7F-849A-2FDCFF7E0959}.Release|x64.Build.0 = Release|Any CPU
		{0CC6E050-19D9-4B7F-849A-2FDCFF7E0959}.Release|x86.ActiveCfg = Release|Any CPU
		{0CC6E050-19D9-4B7F-849A-2FDCFF7E0959}.Release|x86.Build.0 = Release|Any CPU
		{765B04D0-5114-499C-8700-B437A43EB390}.Debug|Any CPU.ActiveCfg = Debug|x64
		{765B04D0-5114-499C-8700-B437A43EB390}.Debug|Any CPU.Build.0 = Debug|x64
		{765B04D0-5114-499C-8700-B437A43EB390}.Debug|Any CPU.Deploy.0 = Debug|x64
		{765B04D0-5114-499C-8700-B437A43EB390}.Debug|ARM.ActiveCfg = Debug|ARM
		{765B04D0-5114-499C-8700-B437A43EB390}.Debug|ARM.Build.0 = Debug|ARM
		{765B04D0-5114-499C-8700-B437A43EB390}.Debug|ARM.Deploy.0 = Debug|ARM
		{765B04D0-5114-499C-8700-B437A43EB390}.Debug|ARM64.ActiveCfg = Debug|ARM64
		{765B04D0-5114-499C-8700-B437A43EB390}.Debug|ARM64.Build.0 = Debug|ARM64
		{765B04D0-5114-499C-8700-B437A43EB390}.Debug|ARM64.Deploy.0 = Debug|ARM64
		{765B04D0-5114-499C-8700-B437A43EB390}.Debug|x64.ActiveCfg = Debug|x64
		{765B04D0-5114-499C-8700-B437A43EB390}.Debug|x64.Build.0 = Debug|x64
		{765B04D0-5114-499C-8700-B437A43EB390}.Debug|x64.Deploy.0 = Debug|x64
		{765B04D0-5114-499C-8700-B437A43EB390}.Debug|x86.ActiveCfg = Debug|x86
		{765B04D0-5114-499C-8700-B437A43EB390}.Debug|x86.Build.0 = Debug|x86
		{765B04D0-5114-499C-8700-B437A43EB390}.Debug|x86.Deploy.0 = Debug|x86
		{765B04D0-5114-499C-8700-B437A43EB390}.Release|Any CPU.ActiveCfg = Release|x86
		{765B04D0-5114-499C-8700-B437A43EB390}.Release|ARM.ActiveCfg = Release|ARM
		{765B04D0-5114-499C-8700-B437A43EB390}.Release|ARM.Build.0 = Release|ARM
		{765B04D0-5114-499C-8700-B437A43EB390}.Release|ARM.Deploy.0 = Release|ARM
		{765B04D0-5114-499C-8700-B437A43EB390}.Release|ARM64.ActiveCfg = Release|ARM64
		{765B04D0-5114-499C-8700-B437A43EB390}.Release|ARM64.Build.0 = Release|ARM64
		{765B04D0-5114-499C-8700-B437A43EB390}.Release|ARM64.Deploy.0 = Release|ARM64
		{765B04D0-5114-499C-8700-B437A43EB390}.Release|x64.ActiveCfg = Release|x64
		{765B04D0-5114-499C-8700-B437A43EB390}.Release|x64.Build.0 = Release|x64
		{765B04D0-5114-499C-8700-B437A43EB390}.Release|x64.Deploy.0 = Release|x64
		{765B04D0-5114-499C-8700-B437A43EB390}.Release|x86.ActiveCfg = Release|x86
		{765B04D0-5114-499C-8700-B437A43EB390}.Release|x86.Build.0 = Release|x86
		{765B04D0-5114-499C-8700-B437A43EB390}.Release|x86.Deploy.0 = Release|x86
		{CE13720A-A42D-41B5-8F1F-56AA1448DBCD}.Debug|Any CPU.ActiveCfg = Debug|x64
		{CE13720A-A42D-41B5-8F1F-56AA1448DBCD}.Debug|Any CPU.Build.0 = Debug|x64
		{CE13720A-A42D-41B5-8F1F-56AA1448DBCD}.Debug|Any CPU.Deploy.0 = Debug|x64
		{CE13720A-A42D-41B5-8F1F-56AA1448DBCD}.Debug|ARM.ActiveCfg = Debug|ARM
		{CE13720A-A42D-41B5-8F1F-56AA1448DBCD}.Debug|ARM.Build.0 = Debug|ARM
		{CE13720A-A42D-41B5-8F1F-56AA1448DBCD}.Debug|ARM.Deploy.0 = Debug|ARM
		{CE13720A-A42D-41B5-8F1F-56AA1448DBCD}.Debug|ARM64.ActiveCfg = Debug|ARM64
		{CE13720A-A42D-41B5-8F1F-56AA1448DBCD}.Debug|ARM64.Build.0 = Debug|ARM64
		{CE13720A-A42D-41B5-8F1F-56AA1448DBCD}.Debug|ARM64.Deploy.0 = Debug|ARM64
		{CE13720A-A42D-41B5-8F1F-56AA1448DBCD}.Debug|x64.ActiveCfg = Debug|x64
		{CE13720A-A42D-41B5-8F1F-56AA1448DBCD}.Debug|x64.Build.0 = Debug|x64
		{CE13720A-A42D-41B5-8F1F-56AA1448DBCD}.Debug|x64.Deploy.0 = Debug|x64
		{CE13720A-A42D-41B5-8F1F-56AA1448DBCD}.Debug|x86.ActiveCfg = Debug|x86
		{CE13720A-A42D-41B5-8F1F-56AA1448DBCD}.Debug|x86.Build.0 = Debug|x86
		{CE13720A-A42D-41B5-8F1F-56AA1448DBCD}.Debug|x86.Deploy.0 = Debug|x86
		{CE13720A-A42D-41B5-8F1F-56AA1448DBCD}.Release|Any CPU.ActiveCfg = Release|x86
		{CE13720A-A42D-41B5-8F1F-56AA1448DBCD}.Release|ARM.ActiveCfg = Release|ARM
		{CE13720A-A42D-41B5-8F1F-56AA1448DBCD}.Release|ARM.Build.0 = Release|ARM
		{CE13720A-A42D-41B5-8F1F-56AA1448DBCD}.Release|ARM.Deploy.0 = Release|ARM
		{CE13720A-A42D-41B5-8F1F-56AA1448DBCD}.Release|ARM64.ActiveCfg = Release|ARM64
		{CE13720A-A42D-41B5-8F1F-56AA1448DBCD}.Release|ARM64.Build.0 = Release|ARM64
		{CE13720A-A42D-41B5-8F1F-56AA1448DBCD}.Release|ARM64.Deploy.0 = Release|ARM64
		{CE13720A-A42D-41B5-8F1F-56AA1448DBCD}.Release|x64.ActiveCfg = Release|x64
		{CE13720A-A42D-41B5-8F1F-56AA1448DBCD}.Release|x64.Build.0 = Release|x64
		{CE13720A-A42D-41B5-8F1F-56AA1448DBCD}.Release|x64.Deploy.0 = Release|x64
		{CE13720A-A42D-41B5-8F1F-56AA1448DBCD}.Release|x86.ActiveCfg = Release|x86
		{CE13720A-A42D-41B5-8F1F-56AA1448DBCD}.Release|x86.Build.0 = Release|x86
		{CE13720A-A42D-41B5-8F1F-56AA1448DBCD}.Release|x86.Deploy.0 = Release|x86
		{47A9E7E8-DFB6-43FB-99A6-4CA4BFB97ECA}.Debug|Any CPU.ActiveCfg = Debug|x86
		{47A9E7E8-DFB6-43FB-99A6-4CA4BFB97ECA}.Debug|ARM.ActiveCfg = Debug|ARM
		{47A9E7E8-DFB6-43FB-99A6-4CA4BFB97ECA}.Debug|ARM.Build.0 = Debug|ARM
		{47A9E7E8-DFB6-43FB-99A6-4CA4BFB97ECA}.Debug|ARM.Deploy.0 = Debug|ARM
		{47A9E7E8-DFB6-43FB-99A6-4CA4BFB97ECA}.Debug|ARM64.ActiveCfg = Debug|x86
		{47A9E7E8-DFB6-43FB-99A6-4CA4BFB97ECA}.Debug|x64.ActiveCfg = Debug|x64
		{47A9E7E8-DFB6-43FB-99A6-4CA4BFB97ECA}.Debug|x64.Build.0 = Debug|x64
		{47A9E7E8-DFB6-43FB-99A6-4CA4BFB97ECA}.Debug|x64.Deploy.0 = Debug|x64
		{47A9E7E8-DFB6-43FB-99A6-4CA4BFB97ECA}.Debug|x86.ActiveCfg = Debug|x86
		{47A9E7E8-DFB6-43FB-99A6-4CA4BFB97ECA}.Debug|x86.Build.0 = Debug|x86
		{47A9E7E8-DFB6-43FB-99A6-4CA4BFB97ECA}.Debug|x86.Deploy.0 = Debug|x86
		{47A9E7E8-DFB6-43FB-99A6-4CA4BFB97ECA}.Release|Any CPU.ActiveCfg = Release|x86
		{47A9E7E8-DFB6-43FB-99A6-4CA4BFB97ECA}.Release|ARM.ActiveCfg = Release|ARM
		{47A9E7E8-DFB6-43FB-99A6-4CA4BFB97ECA}.Release|ARM.Build.0 = Release|ARM
		{47A9E7E8-DFB6-43FB-99A6-4CA4BFB97ECA}.Release|ARM.Deploy.0 = Release|ARM
		{47A9E7E8-DFB6-43FB-99A6-4CA4BFB97ECA}.Release|ARM64.ActiveCfg = Release|x86
		{47A9E7E8-DFB6-43FB-99A6-4CA4BFB97ECA}.Release|x64.ActiveCfg = Release|x64
		{47A9E7E8-DFB6-43FB-99A6-4CA4BFB97ECA}.Release|x64.Build.0 = Release|x64
		{47A9E7E8-DFB6-43FB-99A6-4CA4BFB97ECA}.Release|x64.Deploy.0 = Release|x64
		{47A9E7E8-DFB6-43FB-99A6-4CA4BFB97ECA}.Release|x86.ActiveCfg = Release|x86
		{47A9E7E8-DFB6-43FB-99A6-4CA4BFB97ECA}.Release|x86.Build.0 = Release|x86
		{47A9E7E8-DFB6-43FB-99A6-4CA4BFB97ECA}.Release|x86.Deploy.0 = Release|x86
		{179B6A7A-9B0C-4811-857D-DAD9472B510D}.Debug|Any CPU.ActiveCfg = Debug|Any CPU
		{179B6A7A-9B0C-4811-857D-DAD9472B510D}.Debug|Any CPU.Build.0 = Debug|Any CPU
		{179B6A7A-9B0C-4811-857D-DAD9472B510D}.Debug|ARM.ActiveCfg = Debug|Any CPU
		{179B6A7A-9B0C-4811-857D-DAD9472B510D}.Debug|ARM.Build.0 = Debug|Any CPU
		{179B6A7A-9B0C-4811-857D-DAD9472B510D}.Debug|ARM64.ActiveCfg = Debug|Any CPU
		{179B6A7A-9B0C-4811-857D-DAD9472B510D}.Debug|ARM64.Build.0 = Debug|Any CPU
		{179B6A7A-9B0C-4811-857D-DAD9472B510D}.Debug|x64.ActiveCfg = Debug|Any CPU
		{179B6A7A-9B0C-4811-857D-DAD9472B510D}.Debug|x64.Build.0 = Debug|Any CPU
		{179B6A7A-9B0C-4811-857D-DAD9472B510D}.Debug|x86.ActiveCfg = Debug|Any CPU
		{179B6A7A-9B0C-4811-857D-DAD9472B510D}.Debug|x86.Build.0 = Debug|Any CPU
		{179B6A7A-9B0C-4811-857D-DAD9472B510D}.Release|Any CPU.ActiveCfg = Release|Any CPU
		{179B6A7A-9B0C-4811-857D-DAD9472B510D}.Release|Any CPU.Build.0 = Release|Any CPU
		{179B6A7A-9B0C-4811-857D-DAD9472B510D}.Release|ARM.ActiveCfg = Release|Any CPU
		{179B6A7A-9B0C-4811-857D-DAD9472B510D}.Release|ARM.Build.0 = Release|Any CPU
		{179B6A7A-9B0C-4811-857D-DAD9472B510D}.Release|ARM64.ActiveCfg = Release|Any CPU
		{179B6A7A-9B0C-4811-857D-DAD9472B510D}.Release|ARM64.Build.0 = Release|Any CPU
		{179B6A7A-9B0C-4811-857D-DAD9472B510D}.Release|x64.ActiveCfg = Release|Any CPU
		{179B6A7A-9B0C-4811-857D-DAD9472B510D}.Release|x64.Build.0 = Release|Any CPU
		{179B6A7A-9B0C-4811-857D-DAD9472B510D}.Release|x86.ActiveCfg = Release|Any CPU
		{179B6A7A-9B0C-4811-857D-DAD9472B510D}.Release|x86.Build.0 = Release|Any CPU
		{A461DBAA-1911-4777-8E63-428A381B3948}.Debug|Any CPU.ActiveCfg = Debug|Any CPU
		{A461DBAA-1911-4777-8E63-428A381B3948}.Debug|Any CPU.Build.0 = Debug|Any CPU
		{A461DBAA-1911-4777-8E63-428A381B3948}.Debug|ARM.ActiveCfg = Debug|Any CPU
		{A461DBAA-1911-4777-8E63-428A381B3948}.Debug|ARM.Build.0 = Debug|Any CPU
		{A461DBAA-1911-4777-8E63-428A381B3948}.Debug|ARM64.ActiveCfg = Debug|Any CPU
		{A461DBAA-1911-4777-8E63-428A381B3948}.Debug|ARM64.Build.0 = Debug|Any CPU
		{A461DBAA-1911-4777-8E63-428A381B3948}.Debug|x64.ActiveCfg = Debug|Any CPU
		{A461DBAA-1911-4777-8E63-428A381B3948}.Debug|x64.Build.0 = Debug|Any CPU
		{A461DBAA-1911-4777-8E63-428A381B3948}.Debug|x86.ActiveCfg = Debug|Any CPU
		{A461DBAA-1911-4777-8E63-428A381B3948}.Debug|x86.Build.0 = Debug|Any CPU
		{A461DBAA-1911-4777-8E63-428A381B3948}.Release|Any CPU.ActiveCfg = Release|Any CPU
		{A461DBAA-1911-4777-8E63-428A381B3948}.Release|Any CPU.Build.0 = Release|Any CPU
		{A461DBAA-1911-4777-8E63-428A381B3948}.Release|ARM.ActiveCfg = Release|Any CPU
		{A461DBAA-1911-4777-8E63-428A381B3948}.Release|ARM.Build.0 = Release|Any CPU
		{A461DBAA-1911-4777-8E63-428A381B3948}.Release|ARM64.ActiveCfg = Release|Any CPU
		{A461DBAA-1911-4777-8E63-428A381B3948}.Release|ARM64.Build.0 = Release|Any CPU
		{A461DBAA-1911-4777-8E63-428A381B3948}.Release|x64.ActiveCfg = Release|Any CPU
		{A461DBAA-1911-4777-8E63-428A381B3948}.Release|x64.Build.0 = Release|Any CPU
		{A461DBAA-1911-4777-8E63-428A381B3948}.Release|x86.ActiveCfg = Release|Any CPU
		{A461DBAA-1911-4777-8E63-428A381B3948}.Release|x86.Build.0 = Release|Any CPU
	EndGlobalSection
	GlobalSection(SolutionProperties) = preSolution
		HideSolutionNode = FALSE
	EndGlobalSection
	GlobalSection(ExtensibilityGlobals) = postSolution
		SolutionGuid = {0222326F-0953-40B1-8BD2-409CB3E21EA4}
	EndGlobalSection
EndGlobal
